PODS:
  - Flutter (1.0.0)
  - flutter_compass (0.0.1):
    - Flutter
  - flutter_local_notifications (0.0.1):
    - Flutter
  - kakao_map_plugin (0.0.1):
    - Flutter

DEPENDENCIES:
  - Flutter (from `Flutter`)
  - flutter_compass (from `.symlinks/plugins/flutter_compass/ios`)
  - flutter_local_notifications (from `.symlinks/plugins/flutter_local_notifications/ios`)
  - kakao_map_plugin (from `.symlinks/plugins/kakao_map_plugin/ios`)

EXTERNAL SOURCES:
  Flutter:
    :path: Flutter
  flutter_compass:
    :path: ".symlinks/plugins/flutter_compass/ios"
  flutter_local_notifications:
    :path: ".symlinks/plugins/flutter_local_notifications/ios"
  kakao_map_plugin:
    :path: ".symlinks/plugins/kakao_map_plugin/ios"

SPEC CHECKSUMS:
  Flutter: 71a624a5bc0c04062bf19101d501e466baf2fb47
  flutter_compass: b236ab69b61545cce89fd58527f401a7587d5cc1
  flutter_local_notifications: 395056b3175ba4f08480a7c5de30cd36d69827e4
  kakao_map_plugin: 4d54a08bb9f59383c361f6f2d5526b5359ccb728

PODFILE CHECKSUM: bce0f3a336f0e1dc7b49777a9604613c2ee8fc64

COCOAPODS: 1.17.0
